
Microsoft Visual Studio Solution File, Format Version 12.00
# Visual Studio Version 17
VisualStudioVersion = 17.0.32014.148
MinimumVisualStudioVersion = 10.0.40219.1
Project("{FAE04EC0-301F-11D3-BF4B-00C04F79EFBC}") = "DataSaver", "StrangeTextSaver\DataSaver.csproj", "{342C9C16-05CF-4A3B-9C15-C42E0AB63358}"
EndProject
Global
	GlobalSection(SolutionConfigurationPlatforms) = preSolution
		Debug|Any CPU = Debug|Any CPU
		Release|Any CPU = Release|Any CPU
	EndGlobalSection
	GlobalSection(ProjectConfigurationPlatforms) = postSolution
		{342C9C16-05CF-4A3B-9C15-C42E0AB63358}.Debug|Any CPU.ActiveCfg = Debug|Any CPU
		{342C9C16-05CF-4A3B-9C15-C42E0AB63358}.Debug|Any CPU.Build.0 = Debug|Any CPU
		{342C9C16-05CF-4A3B-9C15-C42E0AB63358}.Release|Any CPU.ActiveCfg = Release|Any CPU
		{342C9C16-05CF-4A3B-9C15-C42E0AB63358}.Release|Any CPU.Build.0 = Release|Any CPU
	EndGlobalSection
	GlobalSection(SolutionProperties) = preSolution
		HideSolutionNode = FALSE
	EndGlobalSection
	GlobalSection(ExtensibilityGlobals) = postSolution
		SolutionGuid = {7C08AC23-83A9-445E-9B42-E205767A9D5E}
	EndGlobalSection
EndGlobal
